
Microsoft Visual Studio Solution File, Format Version 12.00
# Visual Studio Version 17
VisualStudioVersion = 17.5.002.0
MinimumVisualStudioVersion = 10.0.40219.1
Project("{9A19103F-16F7-4668-BE54-9A1E7A4F7556}") = "CSharpFundamentosPOO", "CSharpFundamentosPOO.csproj", "{BBC3EAE2-0447-48A6-A572-3E66568756CA}"
EndProject
Global
	GlobalSection(SolutionConfigurationPlatforms) = preSolution
		Debug|Any CPU = Debug|Any CPU
		Release|Any CPU = Release|Any CPU
	EndGlobalSection
	GlobalSection(ProjectConfigurationPlatforms) = postSolution
		{BBC3EAE2-0447-48A6-A572-3E66568756CA}.Debug|Any CPU.ActiveCfg = Debug|Any CPU
		{BBC3EAE2-0447-48A6-A572-3E66568756CA}.Debug|Any CPU.Build.0 = Debug|Any CPU
		{BBC3EAE2-0447-48A6-A572-3E66568756CA}.Release|Any CPU.ActiveCfg = Release|Any CPU
		{BBC3EAE2-0447-48A6-A572-3E66568756CA}.Release|Any CPU.Build.0 = Release|Any CPU
	EndGlobalSection
	GlobalSection(SolutionProperties) = preSolution
		HideSolutionNode = FALSE
	EndGlobalSection
	GlobalSection(ExtensibilityGlobals) = postSolution
		SolutionGuid = {4E0C78E1-4E64-4273-AE80-3DE8048A53A4}
	EndGlobalSection
EndGlobal
